
Microsoft Visual Studio Solution File, Format Version 12.00
# Visual Studio 2017
Project("{FAE04EC0-301F-11D3-BF4B-00C04F79EFBC}") = "2dshooting_dev", "2dshooting_dev.csproj", "{E006E692-C317-79B2-2691-3C39E3F97836}"
EndProject
Project("{FAE04EC0-301F-11D3-BF4B-00C04F79EFBC}") = "2dshooting_dev.Editor", "2dshooting_dev.Editor.csproj", "{8FCE308E-B135-2930-7FF9-CAB38067537C}"
EndProject
Global
	GlobalSection(SolutionConfigurationPlatforms) = preSolution
		Debug|Any CPU = Debug|Any CPU
		Release|Any CPU = Release|Any CPU
	EndGlobalSection
	GlobalSection(ProjectConfigurationPlatforms) = postSolution
		{E006E692-C317-79B2-2691-3C39E3F97836}.Debug|Any CPU.ActiveCfg = Debug|Any CPU
		{E006E692-C317-79B2-2691-3C39E3F97836}.Debug|Any CPU.Build.0 = Debug|Any CPU
		{E006E692-C317-79B2-2691-3C39E3F97836}.Release|Any CPU.ActiveCfg = Release|Any CPU
		{E006E692-C317-79B2-2691-3C39E3F97836}.Release|Any CPU.Build.0 = Release|Any CPU
		{8FCE308E-B135-2930-7FF9-CAB38067537C}.Debug|Any CPU.ActiveCfg = Debug|Any CPU
		{8FCE308E-B135-2930-7FF9-CAB38067537C}.Debug|Any CPU.Build.0 = Debug|Any CPU
		{8FCE308E-B135-2930-7FF9-CAB38067537C}.Release|Any CPU.ActiveCfg = Release|Any CPU
		{8FCE308E-B135-2930-7FF9-CAB38067537C}.Release|Any CPU.Build.0 = Release|Any CPU
	EndGlobalSection
	GlobalSection(SolutionProperties) = preSolution
		HideSolutionNode = FALSE
	EndGlobalSection
EndGlobal
